

Console.WriteLine("Hello!");// displaying Hello Message!

Console.WriteLine("Enter 2 numbers");//input 2 numbers 
int n1 = Convert.ToInt32(Console.ReadLine());
int n2 = Convert.ToInt32(Console.ReadLine());


Console.WriteLine("Displaying result of Addition , subtraction , product , quotient of two numbers");
Console.WriteLine(n1 + n2);
Console.WriteLine(n1 - n2);
Console.WriteLine(n1 / n2);

Console.WriteLine();

Console.WriteLine("Enter the following numbers for performing the respective operations on the previously input numbers ");
Console.WriteLine("1 For Addition" + Environment.NewLine + "2 For Subtraction" + "\n" + "3 For Division");
int n3 = Convert.ToInt32(Console.ReadLine());
Console.WriteLine();
switch (n3)
{
    case 1:
        Console.WriteLine("Addition of " + n1 + " " + n2 + " " +n1 + n2);
        break;
    case 2:
        Console.WriteLine("Subtraction of " + n1 + " " + n2 + " ");
        Console.Write(n1 - n2);
        break;
    case 3:
        Console.WriteLine("Division of " + n1 + " " + n2 + " " + n1 / n2);
        break;
    default: Console.WriteLine("invalid option number given");
        break;
}

Console.WriteLine(Environment.NewLine);

// Display your name 10 
for (int i2 = 0; i2 < 10; i2++)
{
    Console.WriteLine("My name is Sameer Ali Mohammed");
}

Console.WriteLine(Environment.NewLine);

//. Display all even numbers by using do while, while , for loop

Console.WriteLine("Displaying all even numbers 3 times ");

for (int i1 = 1;i1 <= 100; i1++)
{
    if (i1 % 2 == 0)
        Console.Write(i1 + " ");

}

Console.WriteLine(Environment.NewLine);

int i = 1;

while(i <= 100)
{
    if (i % 2 == 0)
        Console.Write(i + " ");

    i++;    

}

Console.WriteLine(Environment.NewLine);

i = 1;

do
{
    if (i % 2 == 0)
        Console.Write(i + " ");

    i++;

} while(i <= 100);

Console.WriteLine(Environment.NewLine);


Console.WriteLine("Displaying all odd numbers 3 times ");

for (int i1 = 1; i1 <= 100; i1++)
{
    if (i1 % 2 != 0)
        Console.Write(i + " ");

}

Console.WriteLine(Environment.NewLine);


i = 1;

while (i <= 100)
{
    if (i % 2 != 0)
        Console.Write(i + " ");

    i++;

}

Console.WriteLine(Environment.NewLine);
i = 1;

do
{
    if (i % 2 != 0)
        Console.Write(i + " ");

    i++;

} while (i <= 100);

Console.WriteLine(Environment.NewLine);

Console.WriteLine("Enter a number to generate Table ");
int n4 = Convert.ToInt32(Console.ReadLine());

for (int z = 1; z <= 10; z++)
{
    Console.WriteLine(n4 + " x " + z + " = " + n4*z);

}

Console.WriteLine();

i = 1;

while (i <= 10)
{
    Console.WriteLine(n4 + " x " + i + " = " + n4 * i);

    i++;

}
Console.WriteLine();

i = 1;

do
{
    Console.WriteLine(n4 + " x " + i + " = " + n4 * i);

    i++;

} while (i <= 10);

Console.WriteLine();

// Display numbers from 100 to 5 with a gap of 3

Console.WriteLine("Displaying numbers from 100 to 5 with a gap of 3");

for(int z = 100;z >= 5; z-=3)
{
    Console.Write(z + " ");

}

Console.WriteLine();

// displaying variables in one line 

Console.WriteLine(" displaying variables in one line ");

Console.WriteLine(n1 + " " + n2 + " " + n3 + " " + n4 );



Console.WriteLine();


// displaying variables in new lines 

Console.WriteLine(" displaying variables in new lines ");

Console.WriteLine(n1);
Console.WriteLine(n2);
Console.WriteLine(n3);
Console.WriteLine(n4);

